{
  "originHash" : "ae524ee8b26a724e6bfbe2e6799aba73098bfbaf6986e0639aac289af548f3c0",
  "pins" : [
    {
      "identity" : "grdb.swift",
      "kind" : "remoteSourceControl",
      "location" : "https://github.com/groue/GRDB.swift.git",
      "state" : {
        "branch" : "master",
        "revision" : "3ecb5c54553559217592d21a6d9841becb891b38"
      }
    },
    {
      "identity" : "ios-places-sdk",
      "kind" : "remoteSourceControl",
      "location" : "https://github.com/googlemaps/ios-places-sdk",
      "state" : {
        "revision" : "1737dc600c80eaeaf9b0cf0d25522b8ead713d60",
        "version" : "9.2.0"
      }
    }
  ],
  "version" : 3
}
